# THIS IS AN AUTOGENERATED FILE. DO NOT EDIT THIS FILE DIRECTLY.
# yarn lockfile v1


"@babel/runtime@^7.1.2", "@babel/runtime@^7.2.0":
  version "7.3.4"
  resolved "https://registry.yarnpkg.com/@babel/runtime/-/runtime-7.3.4.tgz#73d12ba819e365fcf7fd152aed56d6df97d21c83"
  dependencies:
    regenerator-runtime "^0.12.0"

"@babel/runtime@^7.3.1":
  version "7.4.5"
  resolved "https://registry.yarnpkg.com/@babel/runtime/-/runtime-7.4.5.tgz#582bb531f5f9dc67d2fcb682979894f75e253f12"
  dependencies:
    regenerator-runtime "^0.13.2"

"@emotion/hash@^0.7.1":
  version "0.7.1"
  resolved "https://registry.yarnpkg.com/@emotion/hash/-/hash-0.7.1.tgz#9833722341379fb7d67f06a4b00ab3c37913da53"

"@material-ui/core@^4.0.0-rc.0":
  version "4.0.0-rc.0"
  resolved "https://registry.yarnpkg.com/@material-ui/core/-/core-4.0.0-rc.0.tgz#313ba18cdf4baeaa6c2efb1e38a88ac5b064dce4"
  dependencies:
    "@babel/runtime" "^7.2.0"
    "@material-ui/styles" "^4.0.0-rc.0"
    "@material-ui/system" "^4.0.0-rc.0"
    "@material-ui/types" "^4.0.0-rc.0"
    "@material-ui/utils" "^4.0.0-rc.0"
    "@types/react-transition-group" "^2.0.16"
    clsx "^1.0.2"
    convert-css-length "^1.0.2"
    csstype "^2.5.2"
    debounce "^1.1.0"
    deepmerge "^3.0.0"
    hoist-non-react-statics "^3.2.1"
    is-plain-object "^2.0.4"
    normalize-scroll-left "^0.1.2"
    popper.js "^1.14.1"
    prop-types "^15.7.2"
    react-event-listener "^0.6.6"
    react-transition-group "^4.0.0"
    warning "^4.0.1"

"@material-ui/icons@^4.0.0-rc.0":
  version "4.0.0-rc.0"
  resolved "https://registry.yarnpkg.com/@material-ui/icons/-/icons-4.0.0-rc.0.tgz#c7895049ffcf452d74327cc096da7b80d1352d6f"
  dependencies:
    "@babel/runtime" "^7.2.0"

"@material-ui/styles@^4.0.0-rc.0":
  version "4.0.0-rc.0"
  resolved "https://registry.yarnpkg.com/@material-ui/styles/-/styles-4.0.0-rc.0.tgz#c805bdd2439bee0259a2b2d24fc7fc4fce4a1cd3"
  dependencies:
    "@babel/runtime" "^7.2.0"
    "@emotion/hash" "^0.7.1"
    "@material-ui/types" "^4.0.0-rc.0"
    "@material-ui/utils" "^4.0.0-rc.0"
    clsx "^1.0.2"
    deepmerge "^3.0.0"
    hoist-non-react-statics "^3.2.1"
    jss "^10.0.0-alpha.16"
    jss-plugin-camel-case "^10.0.0-alpha.16"
    jss-plugin-default-unit "^10.0.0-alpha.16"
    jss-plugin-global "^10.0.0-alpha.16"
    jss-plugin-nested "^10.0.0-alpha.16"
    jss-plugin-props-sort "^10.0.0-alpha.16"
    jss-plugin-rule-value-function "^10.0.0-alpha.16"
    jss-plugin-vendor-prefixer "^10.0.0-alpha.16"
    prop-types "^15.7.2"
    warning "^4.0.1"

"@material-ui/system@^4.0.0-rc.0":
  version "4.0.0-rc.0"
  resolved "https://registry.yarnpkg.com/@material-ui/system/-/system-4.0.0-rc.0.tgz#3379fa73bcb2b93f8d032a32f80b25330e7e00e4"
  dependencies:
    "@babel/runtime" "^7.2.0"
    deepmerge "^3.0.0"
    prop-types "^15.7.2"
    warning "^4.0.1"

"@material-ui/types@^4.0.0-rc.0":
  version "4.0.0-rc.0"
  resolved "https://registry.yarnpkg.com/@material-ui/types/-/types-4.0.0-rc.0.tgz#a50a021ea636fc4ed39e8d1fd311fe0fc299e8e3"

"@material-ui/utils@^4.0.0-rc.0":
  version "4.0.0-rc.0"
  resolved "https://registry.yarnpkg.com/@material-ui/utils/-/utils-4.0.0-rc.0.tgz#c147d3c74aa1d540fa9bc3e6ab2dd08cc2380f22"
  dependencies:
    "@babel/runtime" "^7.2.0"
    prop-types "^15.7.2"
    react-is "^16.8.0"

"@types/prop-types@*":
  version "15.7.0"
  resolved "https://registry.yarnpkg.com/@types/prop-types/-/prop-types-15.7.0.tgz#4c48fed958d6dcf9487195a0ef6456d5f6e0163a"

"@types/react-transition-group@^2.0.16":
  version "2.9.1"
  resolved "https://registry.yarnpkg.com/@types/react-transition-group/-/react-transition-group-2.9.1.tgz#66c9ca5d0b20bae72fe6b797e0d362b996d55e9f"
  dependencies:
    "@types/react" "*"

"@types/react@*":
  version "16.8.7"
  resolved "https://registry.yarnpkg.com/@types/react/-/react-16.8.7.tgz#7b1c0223dd5494f9b4501ad2a69aa6acb350a29b"
  dependencies:
    "@types/prop-types" "*"
    csstype "^2.2.0"

argparse@^1.0.7:
  version "1.0.10"
  resolved "https://registry.yarnpkg.com/argparse/-/argparse-1.0.10.tgz#bcd6791ea5ae09725e17e5ad988134cd40b3d911"
  dependencies:
    sprintf-js "~1.0.2"

clsx@^1.0.2:
  version "1.0.4"
  resolved "https://registry.yarnpkg.com/clsx/-/clsx-1.0.4.tgz#0c0171f6d5cb2fe83848463c15fcc26b4df8c2ec"

console-polyfill@^0.1.2:
  version "0.1.2"
  resolved "https://registry.yarnpkg.com/console-polyfill/-/console-polyfill-0.1.2.tgz#96cfed51caf78189f699572e6f18271dc37c0e30"

convert-css-length@^1.0.2:
  version "1.0.2"
  resolved "https://registry.yarnpkg.com/convert-css-length/-/convert-css-length-1.0.2.tgz#32f38a8ac55d78372ff43562532564366c871ccc"
  dependencies:
    console-polyfill "^0.1.2"
    parse-unit "^1.0.1"

css-vendor@^2.0.1:
  version "2.0.2"
  resolved "https://registry.yarnpkg.com/css-vendor/-/css-vendor-2.0.2.tgz#dd75b41064944c8eaa001796a204782164c69dfd"
  dependencies:
    "@babel/runtime" "^7.3.1"
    is-in-browser "^1.0.2"

csstype@^2.2.0, csstype@^2.5.2:
  version "2.6.3"
  resolved "https://registry.yarnpkg.com/csstype/-/csstype-2.6.3.tgz#b701e5968245bf9b08d54ac83d00b624e622a9fa"

debounce@^1.1.0:
  version "1.2.0"
  resolved "https://registry.yarnpkg.com/debounce/-/debounce-1.2.0.tgz#44a540abc0ea9943018dc0eaa95cce87f65cd131"

deepmerge@^3.0.0:
  version "3.2.0"
  resolved "https://registry.yarnpkg.com/deepmerge/-/deepmerge-3.2.0.tgz#58ef463a57c08d376547f8869fdc5bcee957f44e"

dom-helpers@^3.4.0:
  version "3.4.0"
  resolved "https://registry.yarnpkg.com/dom-helpers/-/dom-helpers-3.4.0.tgz#e9b369700f959f62ecde5a6babde4bccd9169af8"
  dependencies:
    "@babel/runtime" "^7.1.2"

entities@~1.1.1:
  version "1.1.2"
  resolved "https://registry.yarnpkg.com/entities/-/entities-1.1.2.tgz#bdfa735299664dfafd34529ed4f8522a275fea56"

highlight.js@^10.1.2:
  version "10.1.2"
  resolved "https://registry.yarnpkg.com/highlight.js/-/highlight.js-10.1.2.tgz#c20db951ba1c22c055010648dfffd7b2a968e00c"

hoist-non-react-statics@^3.2.1:
  version "3.3.0"
  resolved "https://registry.yarnpkg.com/hoist-non-react-statics/-/hoist-non-react-statics-3.3.0.tgz#b09178f0122184fb95acf525daaecb4d8f45958b"
  dependencies:
    react-is "^16.7.0"

hyphenate-style-name@^1.0.3:
  version "1.0.3"
  resolved "https://registry.yarnpkg.com/hyphenate-style-name/-/hyphenate-style-name-1.0.3.tgz#097bb7fa0b8f1a9cf0bd5c734cf95899981a9b48"

is-in-browser@^1.0.2, is-in-browser@^1.1.3:
  version "1.1.3"
  resolved "https://registry.yarnpkg.com/is-in-browser/-/is-in-browser-1.1.3.tgz#56ff4db683a078c6082eb95dad7dc62e1d04f835"

is-plain-object@^2.0.4:
  version "2.0.4"
  resolved "https://registry.yarnpkg.com/is-plain-object/-/is-plain-object-2.0.4.tgz#2c163b3fafb1b606d9d17928f05c2a1c38e07677"
  dependencies:
    isobject "^3.0.1"

isobject@^3.0.1:
  version "3.0.1"
  resolved "https://registry.yarnpkg.com/isobject/-/isobject-3.0.1.tgz#4e431e92b11a9731636aa1f9c8d1ccbcfdab78df"

"js-tokens@^3.0.0 || ^4.0.0":
  version "4.0.0"
  resolved "https://registry.yarnpkg.com/js-tokens/-/js-tokens-4.0.0.tgz#19203fb59991df98e3a287050d4647cdeaf32499"

jss-plugin-camel-case@10.0.0-alpha.16, jss-plugin-camel-case@^10.0.0-alpha.16:
  version "10.0.0-alpha.16"
  resolved "https://registry.yarnpkg.com/jss-plugin-camel-case/-/jss-plugin-camel-case-10.0.0-alpha.16.tgz#36023c9aa35fd2e898f117be136f31dfa76ffef9"
  dependencies:
    "@babel/runtime" "^7.3.1"
    hyphenate-style-name "^1.0.3"
    jss "10.0.0-alpha.16"

jss-plugin-compose@10.0.0-alpha.16:
  version "10.0.0-alpha.16"
  resolved "https://registry.yarnpkg.com/jss-plugin-compose/-/jss-plugin-compose-10.0.0-alpha.16.tgz#13b39f6e63f4b659fd654a82f93819fa589feaae"
  dependencies:
    "@babel/runtime" "^7.3.1"
    jss "10.0.0-alpha.16"
    tiny-warning "^1.0.2"

jss-plugin-default-unit@10.0.0-alpha.16, jss-plugin-default-unit@^10.0.0-alpha.16:
  version "10.0.0-alpha.16"
  resolved "https://registry.yarnpkg.com/jss-plugin-default-unit/-/jss-plugin-default-unit-10.0.0-alpha.16.tgz#ef96b529fcb9f8d730c14a489a1d7e71e243447e"
  dependencies:
    "@babel/runtime" "^7.3.1"
    jss "10.0.0-alpha.16"

jss-plugin-expand@10.0.0-alpha.16:
  version "10.0.0-alpha.16"
  resolved "https://registry.yarnpkg.com/jss-plugin-expand/-/jss-plugin-expand-10.0.0-alpha.16.tgz#6ef1e6ca41e2d3021ee0dc672994a014e8476028"
  dependencies:
    "@babel/runtime" "^7.3.1"
    jss "10.0.0-alpha.16"

jss-plugin-extend@10.0.0-alpha.16:
  version "10.0.0-alpha.16"
  resolved "https://registry.yarnpkg.com/jss-plugin-extend/-/jss-plugin-extend-10.0.0-alpha.16.tgz#7a61b9d6e3f64dce982489cb16d5e7c14c9c4c05"
  dependencies:
    "@babel/runtime" "^7.3.1"
    jss "10.0.0-alpha.16"
    tiny-warning "^1.0.2"

jss-plugin-global@10.0.0-alpha.16, jss-plugin-global@^10.0.0-alpha.16:
  version "10.0.0-alpha.16"
  resolved "https://registry.yarnpkg.com/jss-plugin-global/-/jss-plugin-global-10.0.0-alpha.16.tgz#6da34ad63e0a4669a35412d716d39820bd10ede4"
  dependencies:
    "@babel/runtime" "^7.3.1"
    jss "10.0.0-alpha.16"

jss-plugin-nested@10.0.0-alpha.16, jss-plugin-nested@^10.0.0-alpha.16:
  version "10.0.0-alpha.16"
  resolved "https://registry.yarnpkg.com/jss-plugin-nested/-/jss-plugin-nested-10.0.0-alpha.16.tgz#282ce431cc6c7c4b2e2509b80dc5cc1de7f7102f"
  dependencies:
    "@babel/runtime" "^7.3.1"
    jss "10.0.0-alpha.16"
    tiny-warning "^1.0.2"

jss-plugin-props-sort@10.0.0-alpha.16, jss-plugin-props-sort@^10.0.0-alpha.16:
  version "10.0.0-alpha.16"
  resolved "https://registry.yarnpkg.com/jss-plugin-props-sort/-/jss-plugin-props-sort-10.0.0-alpha.16.tgz#d91566d6c73ebd906ff81fdfb93135d16bbfb067"
  dependencies:
    "@babel/runtime" "^7.3.1"
    jss "10.0.0-alpha.16"

jss-plugin-rule-value-function@10.0.0-alpha.16, jss-plugin-rule-value-function@^10.0.0-alpha.16:
  version "10.0.0-alpha.16"
  resolved "https://registry.yarnpkg.com/jss-plugin-rule-value-function/-/jss-plugin-rule-value-function-10.0.0-alpha.16.tgz#42bf684dae0a73a02df0a3297b747becf9854449"
  dependencies:
    "@babel/runtime" "^7.3.1"
    jss "10.0.0-alpha.16"

jss-plugin-rule-value-observable@10.0.0-alpha.16:
  version "10.0.0-alpha.16"
  resolved "https://registry.yarnpkg.com/jss-plugin-rule-value-observable/-/jss-plugin-rule-value-observable-10.0.0-alpha.16.tgz#32da23090f61160394702e1ae7d2ec57b62537ae"
  dependencies:
    "@babel/runtime" "^7.3.1"
    jss "10.0.0-alpha.16"
    symbol-observable "^1.2.0"

jss-plugin-template@10.0.0-alpha.16:
  version "10.0.0-alpha.16"
  resolved "https://registry.yarnpkg.com/jss-plugin-template/-/jss-plugin-template-10.0.0-alpha.16.tgz#cb1279329b01664add611dfb39c4d27d7efca769"
  dependencies:
    "@babel/runtime" "^7.3.1"
    jss "10.0.0-alpha.16"
    tiny-warning "^1.0.2"

jss-plugin-vendor-prefixer@10.0.0-alpha.16, jss-plugin-vendor-prefixer@^10.0.0-alpha.16:
  version "10.0.0-alpha.16"
  resolved "https://registry.yarnpkg.com/jss-plugin-vendor-prefixer/-/jss-plugin-vendor-prefixer-10.0.0-alpha.16.tgz#f59d92db7331d6615b33aa108ee54cbf1ab6ce84"
  dependencies:
    "@babel/runtime" "^7.3.1"
    css-vendor "^2.0.1"
    jss "10.0.0-alpha.16"

jss-preset-default@^10.0.0-alpha.16:
  version "10.0.0-alpha.16"
  resolved "https://registry.yarnpkg.com/jss-preset-default/-/jss-preset-default-10.0.0-alpha.16.tgz#1f126fd50ddbffe26a874c7a684d7cc76866b124"
  dependencies:
    "@babel/runtime" "^7.3.1"
    jss "10.0.0-alpha.16"
    jss-plugin-camel-case "10.0.0-alpha.16"
    jss-plugin-compose "10.0.0-alpha.16"
    jss-plugin-default-unit "10.0.0-alpha.16"
    jss-plugin-expand "10.0.0-alpha.16"
    jss-plugin-extend "10.0.0-alpha.16"
    jss-plugin-global "10.0.0-alpha.16"
    jss-plugin-nested "10.0.0-alpha.16"
    jss-plugin-props-sort "10.0.0-alpha.16"
    jss-plugin-rule-value-function "10.0.0-alpha.16"
    jss-plugin-rule-value-observable "10.0.0-alpha.16"
    jss-plugin-template "10.0.0-alpha.16"
    jss-plugin-vendor-prefixer "10.0.0-alpha.16"

jss@10.0.0-alpha.16, jss@^10.0.0-alpha.16:
  version "10.0.0-alpha.16"
  resolved "https://registry.yarnpkg.com/jss/-/jss-10.0.0-alpha.16.tgz#0555e8b667e08dbd2cc94f6125be5a8b8b022833"
  dependencies:
    "@babel/runtime" "^7.3.1"
    is-in-browser "^1.1.3"
    tiny-warning "^1.0.2"

linkify-it@^2.0.0:
  version "2.1.0"
  resolved "https://registry.yarnpkg.com/linkify-it/-/linkify-it-2.1.0.tgz#c4caf38a6cd7ac2212ef3c7d2bde30a91561f9db"
  dependencies:
    uc.micro "^1.0.1"

loose-envify@^1.0.0, loose-envify@^1.1.0, loose-envify@^1.4.0:
  version "1.4.0"
  resolved "https://registry.yarnpkg.com/loose-envify/-/loose-envify-1.4.0.tgz#71ee51fa7be4caec1a63839f7e682d8132d30caf"
  dependencies:
    js-tokens "^3.0.0 || ^4.0.0"

markdown-it@^8.4.2:
  version "8.4.2"
  resolved "https://registry.yarnpkg.com/markdown-it/-/markdown-it-8.4.2.tgz#386f98998dc15a37722aa7722084f4020bdd9b54"
  dependencies:
    argparse "^1.0.7"
    entities "~1.1.1"
    linkify-it "^2.0.0"
    mdurl "^1.0.1"
    uc.micro "^1.0.5"

mdurl@^1.0.1:
  version "1.0.1"
  resolved "https://registry.yarnpkg.com/mdurl/-/mdurl-1.0.1.tgz#fe85b2ec75a59037f2adfec100fd6c601761152e"

normalize-scroll-left@^0.1.2:
  version "0.1.2"
  resolved "https://registry.yarnpkg.com/normalize-scroll-left/-/normalize-scroll-left-0.1.2.tgz#6b79691ba79eb5fb107fa5edfbdc06b55caee2aa"

object-assign@^4.1.1:
  version "4.1.1"
  resolved "https://registry.yarnpkg.com/object-assign/-/object-assign-4.1.1.tgz#2109adc7965887cfc05cbbd442cac8bfbb360863"

parse-unit@^1.0.1:
  version "1.0.1"
  resolved "https://registry.yarnpkg.com/parse-unit/-/parse-unit-1.0.1.tgz#7e1bb6d5bef3874c28e392526a2541170291eecf"

popper.js@^1.14.1:
  version "1.14.7"
  resolved "https://registry.yarnpkg.com/popper.js/-/popper.js-1.14.7.tgz#e31ec06cfac6a97a53280c3e55e4e0c860e7738e"

prop-types@^15.6.0, prop-types@^15.6.2, prop-types@^15.7.2:
  version "15.7.2"
  resolved "https://registry.yarnpkg.com/prop-types/-/prop-types-15.7.2.tgz#52c41e75b8c87e72b9d9360e0206b99dcbffa6c5"
  dependencies:
    loose-envify "^1.4.0"
    object-assign "^4.1.1"
    react-is "^16.8.1"

punycode@^2.1.1:
  version "2.1.1"
  resolved "https://registry.yarnpkg.com/punycode/-/punycode-2.1.1.tgz#b58b010ac40c22c5657616c8d2c2c02c7bf479ec"

react-dom@^16.8.6:
  version "16.8.6"
  resolved "https://registry.yarnpkg.com/react-dom/-/react-dom-16.8.6.tgz#71d6303f631e8b0097f56165ef608f051ff6e10f"
  dependencies:
    loose-envify "^1.1.0"
    object-assign "^4.1.1"
    prop-types "^15.6.2"
    scheduler "^0.13.6"

react-event-listener@^0.6.6:
  version "0.6.6"
  resolved "https://registry.yarnpkg.com/react-event-listener/-/react-event-listener-0.6.6.tgz#758f7b991cad9086dd39fd29fad72127e1d8962a"
  dependencies:
    "@babel/runtime" "^7.2.0"
    prop-types "^15.6.0"
    warning "^4.0.1"

react-is@^16.7.0, react-is@^16.8.1:
  version "16.8.4"
  resolved "https://registry.yarnpkg.com/react-is/-/react-is-16.8.4.tgz#90f336a68c3a29a096a3d648ab80e87ec61482a2"

react-is@^16.8.0:
  version "16.8.6"
  resolved "https://registry.yarnpkg.com/react-is/-/react-is-16.8.6.tgz#5bbc1e2d29141c9fbdfed456343fe2bc430a6a16"

react-transition-group@^4.0.0:
  version "4.0.1"
  resolved "https://registry.yarnpkg.com/react-transition-group/-/react-transition-group-4.0.1.tgz#8cb8d58763e259da465385bb83b3b41b3ecba629"
  dependencies:
    dom-helpers "^3.4.0"
    loose-envify "^1.4.0"
    prop-types "^15.6.2"

react@^16.8.6:
  version "16.8.6"
  resolved "https://registry.yarnpkg.com/react/-/react-16.8.6.tgz#ad6c3a9614fd3a4e9ef51117f54d888da01f2bbe"
  dependencies:
    loose-envify "^1.1.0"
    object-assign "^4.1.1"
    prop-types "^15.6.2"
    scheduler "^0.13.6"

regenerator-runtime@^0.12.0:
  version "0.12.1"
  resolved "https://registry.yarnpkg.com/regenerator-runtime/-/regenerator-runtime-0.12.1.tgz#fa1a71544764c036f8c49b13a08b2594c9f8a0de"

regenerator-runtime@^0.13.2:
  version "0.13.2"
  resolved "https://registry.yarnpkg.com/regenerator-runtime/-/regenerator-runtime-0.13.2.tgz#32e59c9a6fb9b1a4aff09b4930ca2d4477343447"

reset-jss@^1.0.0:
  version "1.0.0"
  resolved "https://registry.yarnpkg.com/reset-jss/-/reset-jss-1.0.0.tgz#ab962773485ae56b8538be3eceebace1bb46f169"

scheduler@^0.13.6:
  version "0.13.6"
  resolved "https://registry.yarnpkg.com/scheduler/-/scheduler-0.13.6.tgz#466a4ec332467b31a91b9bf74e5347072e4cd889"
  dependencies:
    loose-envify "^1.1.0"
    object-assign "^4.1.1"

sprintf-js@~1.0.2:
  version "1.0.3"
  resolved "https://registry.yarnpkg.com/sprintf-js/-/sprintf-js-1.0.3.tgz#04e6926f662895354f3dd015203633b857297e2c"

symbol-observable@^1.2.0:
  version "1.2.0"
  resolved "https://registry.yarnpkg.com/symbol-observable/-/symbol-observable-1.2.0.tgz#c22688aed4eab3cdc2dfeacbb561660560a00804"

tiny-warning@^1.0.2:
  version "1.0.2"
  resolved "https://registry.yarnpkg.com/tiny-warning/-/tiny-warning-1.0.2.tgz#1dfae771ee1a04396bdfde27a3adcebc6b648b28"

uc.micro@^1.0.1, uc.micro@^1.0.5:
  version "1.0.6"
  resolved "https://registry.yarnpkg.com/uc.micro/-/uc.micro-1.0.6.tgz#9c411a802a409a91fc6cf74081baba34b24499ac"

warning@^4.0.1:
  version "4.0.3"
  resolved "https://registry.yarnpkg.com/warning/-/warning-4.0.3.tgz#16e9e077eb8a86d6af7d64aa1e05fd85b4678ca3"
  dependencies:
    loose-envify "^1.0.0"
